#
# This file is autogenerated by pip-compile with Python 3.13
# by the following command:
#
#    pip-compile --generate-hashes --output-file='backend\requirements.lock' --strip-extras 'backend\requirements.in'
#
amqp==5.3.1 \
    --hash=sha256:43b3319e1b4e7d1251833a93d672b4af1e40f3d632d479b98661a95f117880a2 \
    --hash=sha256:cddc00c725449522023bad949f70fff7b48f0b1ade74d170a6f10ab044739432
    # via kombu
asgiref==3.12.1 \
    --hash=sha256:59dcb51c272ad209d59bed5708a64a333083e86017d7fcdd67498eeab7784340 \
    --hash=sha256:fe386d1c2bff7259ea95929266d12a8cf9a8b5a1c2598402967d8792e7a7c094
    # via django
billiard==4.2.4 \
    --hash=sha256:525b42bdec68d2b983347ac312f892db930858495db601b5836ac24e6477cde5 \
    --hash=sha256:55f542c371209e03cd5862299b74e52e4fbcba8250ba611ad94276b369b6a85f
    # via celery
celery==5.5.3 \
    --hash=sha256:0b5761a07057acee94694464ca482416b959568904c9dfa41ce8413a7d65d525 \
    --hash=sha256:6c972ae7968c2b5281227f01c3a3f984037d21c5129d07bf3550cc2afc6b10a5
    # via -r backend/requirements.in
click==8.4.2 \
    --hash=sha256:9a6cea6e60b17ebe0a44c5cc636d94f09bd66142c1cd7d8b4cd731c4917a15f6 \
    --hash=sha256:e6f9f66136c816745b9d65817da91d61d957fb16e02e4dcd0552553c5a197b76
    # via
    #   celery
    #   click-didyoumean
    #   click-plugins
    #   click-repl
click-didyoumean==0.3.1 \
    --hash=sha256:4f82fdff0dbe64ef8ab2279bd6aa3f6a99c3b28c05aa09cbfc07c9d7fbb5a463 \
    --hash=sha256:5c4bb6007cfea5f2fd6583a2fb6701a22a41eb98957e63d0fac41c10e7c3117c
    # via celery
click-plugins==1.1.1.2 \
    --hash=sha256:008d65743833ffc1f5417bf0e78e8d2c23aab04d9745ba817bd3e71b0feb6aa6 \
    --hash=sha256:d7af3984a99d243c131aa1a828331e7630f4a88a9741fd05c927b204bcf92261
    # via celery
click-repl==0.3.0 \
    --hash=sha256:17849c23dba3d667247dc4defe1757fff98694e90fe37474f3feebb69ced26a9 \
    --hash=sha256:fb7e06deb8da8de86180a33a9da97ac316751c094c6899382da7feeeeb51b812
    # via celery
colorama==0.4.6 \
    --hash=sha256:08695f5cb7ed6e0531a20572697297273c47b8cae5a63ffc6d6ed5c201be6e44 \
    --hash=sha256:4f1d9991f5acc0ca119f9d443620b77f9d6b33703e51011c16baf57afb285fc6
    # via click
django==5.2.9 \
    --hash=sha256:16b5ccfc5e8c27e6c0561af551d2ea32852d7352c67d452ae3e76b4f6b2ca495 \
    --hash=sha256:3a4ea88a70370557ab1930b332fd2887a9f48654261cdffda663fef5976bb00a
    # via
    #   -r backend/requirements.in
    #   djangorestframework
djangorestframework==3.16.1 \
    --hash=sha256:166809528b1aced0a17dc66c24492af18049f2c9420dbd0be29422029cfc3ff7 \
    --hash=sha256:33a59f47fb9c85ede792cbf88bde71893bcda0667bc573f784649521f1102cec
    # via -r backend/requirements.in
gunicorn==23.0.0 \
    --hash=sha256:ec400d38950de4dfd418cff8328b2c8faed0edb0d517d3394e457c317908ca4d \
    --hash=sha256:f014447a0101dc57e294f6c18ca6b40227a4c90e9bdb586042628030cba004ec
    # via -r backend/requirements.in
kombu==5.5.4 \
    --hash=sha256:886600168275ebeada93b888e831352fe578168342f0d1d5833d88ba0d847363 \
    --hash=sha256:a12ed0557c238897d8e518f1d1fdf84bd1516c5e305af2dacd85c2015115feb8
    # via celery
packaging==26.3 \
    --hash=sha256:94edc256424af38762eb31306eed28beb9f0efc50a8837492c9d6fd6004aed79 \
    --hash=sha256:d7193f7c8e4e93f444fde0262bf90af30e16fa0ad0ad44cb553c87339b23cd1c
    # via
    #   gunicorn
    #   kombu
prompt-toolkit==3.0.53 \
    --hash=sha256:01c0891d7f9237d5e339f7d3e42cdae80b7534abb1c7c0e3352efba6231492f2 \
    --hash=sha256:9ec8a0ad96d5c56148b3f914aa79c1564c3fde5d2e6b876e7bc327e353cf8fa6
    # via click-repl
psycopg==3.2.13 \
    --hash=sha256:309adaeda61d44556046ec9a83a93f42bbe5310120b1995f3af49ab6d9f13c1d \
    --hash=sha256:a481374514f2da627157f767a9336705ebefe93ea7a0522a6cbacba165da179a
    # via -r backend/requirements.in
psycopg-binary==3.2.13 \
    --hash=sha256:00ac1f1832c11ebf7ce3e30cd9cd9ec4d32b7d4aabe02e5cc6dca1b6ecff215d \
    --hash=sha256:028b49eb465f5d263d250cfd4f168fdabb306d0bbd97fd66a8a1fd7b696a953c \
    --hash=sha256:082579f2ae41bdabe20c82810810f3e290ac2206cccf0cb41cf36b3218f53b3c \
    --hash=sha256:087acf2b24787ae206718136c1f51bc90cda68b02c3819b0556f418e3565f2c3 \
    --hash=sha256:090c22795969ee1ace17322b1718769694607d942cef084c6fb4493adfa57da0 \
    --hash=sha256:0ef8ed4a4e0f7bf5e941782478a43c14b2b585b031e2266dd3afb87be2775d95 \
    --hash=sha256:13e2f8894d410678529ff9f1211f96c5a93ff142f992b302682b42d924428b61 \
    --hash=sha256:1c9e7ddbb1fe0c99ebe73e4658722d6e6fb7058dacac0fbe98653cf01a7a6871 \
    --hash=sha256:1db11a7e618d58cfb937c409c7d279a84cbb31d32a7efc63f1e5f426f3613793 \
    --hash=sha256:223fc610a80bbc4355ad3c9952d468a18bb5cd7065846a8c275f100d80cd4004 \
    --hash=sha256:27150515de5f709e4142429db6fd36a1d01f0b8b17d915b5f7bb095364465398 \
    --hash=sha256:2d45bc5f4335498d32a26c8f8c0bf9ce8c973c19e78a9ee77c031300fb361300 \
    --hash=sha256:2f63868cc96bc18486cebec24445affbdd7f7debf28fac466ea935a8b5a4753b \
    --hash=sha256:38cadba35c8e3d0a43a916457c9b91c510be7253576d052d9549fd3c49c55782 \
    --hash=sha256:4150a5e72f863be442d153829724109d83a76871d9bc801d6bb5b9c84b5b19b9 \
    --hash=sha256:4a6cafabdc0bfa37e11c6f365020fd5916b62d6296df581f4dceaa43a2ce680c \
    --hash=sha256:502a778c3e07c6b3aabfa56ee230e8c264d2debfab42d11535513a01bdfff0d6 \
    --hash=sha256:5056e701ec81e792f6acd362276585ac0c24456519b5e2fe552f298a04d2cd0c \
    --hash=sha256:532ea34f673148d637be65a96251832252e278540b39fbd683ef37e58ec361c1 \
    --hash=sha256:594dfbca3326e997ae738d3d339004e8416b1f7390f52ce8dc2d692393e8fa96 \
    --hash=sha256:596176ae3dfbf56fc61108870bfe17c7205d33ac28d524909feb5335201daa0a \
    --hash=sha256:5c77f156c7316529ed371b5f95a51139e531328ee39c37493a2afcbc1f79d5de \
    --hash=sha256:5d466ac3a3738647ff2405397946870dc363e33282ced151e7ea74f622947c06 \
    --hash=sha256:5f5081b2cbb0358bb3625109d41b57411bf9d9c29762a867e38c06d974b245ee \
    --hash=sha256:65df0d459ffba14082d8ca4bb2f6ffbb2f8d02968f7d34a747e1031934b76b23 \
    --hash=sha256:6a50db4661fae78779d3cc38a0a68cabc997ca9d485ec27443b109ef8ac1672a \
    --hash=sha256:6d8d1b709509d0f8cb857acf740b5eccd5bd2fb208a5b20e895f250519a32459 \
    --hash=sha256:6fe2982a73b2ea473c9e2b91a35a21af3b03313bed188eccbcde4972483ac60a \
    --hash=sha256:732b25c2d932ca0655ea2588563eae831dc0842c93c69be4754a5b0e9760b38d \
    --hash=sha256:7350d9cc4e35529c4548ddda34a1c17f28d3f3a8f792c25cd67e8a04952ed415 \
    --hash=sha256:7561a71d764d6f74d66e8b7d844b0f27fa33de508f65c17b1d56a94c73644776 \
    --hash=sha256:75ebc8335f48c339ec24f4c371595f6b7043147fe6d18e619c8564428ab8adaf \
    --hash=sha256:84c32892b75a3c7a1111b0ae17d567e161bec7f51b6419bfee6919973f57a811 \
    --hash=sha256:8b843c00478739e95c46d6d3472b13123b634685f107831a9bfc41503a06ecbd \
    --hash=sha256:8db77fac1dfe3f69c982db92a51fd78e1354fa8f523a6781a636123e5c7ffcde \
    --hash=sha256:8f1189dc78553ef4b2e55d9e116fc74870191bc6a9a5f4442412a703c4cc6c3b \
    --hash=sha256:915647b5bbbcde2bd464dc293eec4f74710fa71edc4f85aa6f6c8494a179dc9e \
    --hash=sha256:917ad1cd6e6ef8a9df2f28d7b29c7148f089be46ac56fe838f986c0227652d14 \
    --hash=sha256:9942255705255367d94368941e3a913b0daf74b47d191471dbe4dc0de9fbc769 \
    --hash=sha256:9ac329532f36342ff99fc1aefdbb531563bec03c7bc3ae934c8347a7a61339df \
    --hash=sha256:9b98ed605a394107ea624c3792896cef29b833d2e193facfd85ba72fc4e2f85b \
    --hash=sha256:9caf14745a1930b4e03fe4072cd7154eaf6e1241d20c42130ed784408a26b24b \
    --hash=sha256:9cfe87749d010dfd34534ba8c71aa0674db9a3fce65232c98989f77c742c9ce7 \
    --hash=sha256:9e25eb65494955c0dabdcd7097b004cbd70b982cf3cbc7186c2e854f788677a9 \
    --hash=sha256:a146f0a59a7e3ca92996f8133b1d5e5922e668f7c656b4a9201e702f4cf25896 \
    --hash=sha256:a56a8b1794cbf27ca04012ac2890d58cfc82b3b310c1dac4fa78fbf6f57e7440 \
    --hash=sha256:ac92d6bc1d4a41c7459953a9aa727b9966e937e94c9e072527317fd2a67d488b \
    --hash=sha256:b53b0d9499805b307017070492189e349256e0946f62c815e442baa01f2ea6c5 \
    --hash=sha256:b67f06a68d68b4621b6a411f9e583df876977afa06b1ba270b1b347d40aa93fc \
    --hash=sha256:c96cb5a27e68acac6d74b64fca38592a692de9c4b7827339190698d58027aa45 \
    --hash=sha256:cbbac4cd5b0e14b91ad8244268ca3fc2f527d1a337b489af57d7669c9d2e1a24 \
    --hash=sha256:cc3a0408435dfbb77eeca5e8050df4b19a6e9b7e5e5583edf524c4a83d6293b2 \
    --hash=sha256:d3aec6e2f1cf4deb1b9a3ac287c0591479f3bd851d0a911d628f8c2c71c14f4a \
    --hash=sha256:dbae6ab1966e2b61d97e47220556c330c4608bb4cfb3a124aa0595c39995c068 \
    --hash=sha256:de06fc9707a49f7c081b5c950974dd6de3dc33d681f7524f0b396471f5a4a480 \
    --hash=sha256:ea2fdbcc9142933a47c66970e0df8b363e3bd1ea4c5ce376f2f3d94a9aeec847 \
    --hash=sha256:ef324695327681c756e206fbd0aa9bbc50fd05f45c74bc97c640c13ba36cc108 \
    --hash=sha256:f062d725898bf6fc5cfc6349a0d08ee09f129deb14d7fcd5c30f9f1b349f39dc \
    --hash=sha256:f26f7009375cf1e92180e5c517c52da1054f7e690dde90e0ed00fa8b5736bcd4 \
    --hash=sha256:fae933e4564386199fc54845d85413eedb49760e0bcd2b621fde2dd1825b99b3 \
    --hash=sha256:fbc7c46da9b0db8126f8ebcdcc966c0a14e87c187af7978b47f6971bfbb9cc2c \
    --hash=sha256:ff7df7bd8ec2c805f3a4896b8ade971139af0f9f8cf45d05014ac71fe54887be
    # via psycopg
python-dateutil==2.9.0.post0 \
    --hash=sha256:37dd54208da7e1cd875388217d5e00ebd4179249f90fb72437e91a35459a0ad3 \
    --hash=sha256:a8b2bc7bffae282281c8140a97d3aa9c14da0b136dfe83f850eea9a5f7470427
    # via celery
redis==6.4.0 \
    --hash=sha256:b01bc7282b8444e28ec36b261df5375183bb47a07eb9c603f284e89cbc5ef010 \
    --hash=sha256:f0544fa9604264e9464cdf4814e7d4830f74b165d52f2a330a760a88dd248b7f
    # via -r backend/requirements.in
six==1.17.0 \
    --hash=sha256:4721f391ed90541fddacab5acf947aa0d3dc7d27b2e1e8eda2be8970586c3274 \
    --hash=sha256:ff70335d468e7eb6ec65b95b99d3a2836546063f63acc5171de367e834932a81
    # via python-dateutil
sqlparse==0.6.0 \
    --hash=sha256:113c35c75365ab9cc9c7231d68c6428fb11c085fc8e9eb1ad659b7ddbf6cd2b9 \
    --hash=sha256:b861c0288ce2fa56209a9a6412d2e066ac664b3873b89c26c9d8415e8e32996f
    # via django
tzdata==2026.3 \
    --hash=sha256:4a1518b8993086a7982523e071643f3c0e5f213e75b21318e78bcabfff9d1415 \
    --hash=sha256:dc096730c87af6cab1b171c9d532be840741ff5d459015e7f6947bd7d7e54931
    # via
    #   django
    #   kombu
    #   psycopg
vine==5.1.0 \
    --hash=sha256:40fdf3c48b2cfe1c38a49e9ae2da6fda88e4794c810050a728bd7413811fb1dc \
    --hash=sha256:8b62e981d35c41049211cf62a0a1242d8c1ee9bd15bb196ce38aefd6799e61e0
    # via
    #   amqp
    #   celery
    #   kombu
wcwidth==0.8.2 \
    --hash=sha256:91fbef97204b96a3d4d421609b80340b760cf33e26da123ff243d76b1fda8dda \
    --hash=sha256:d63947694a0539a1d51e01eda7caf800c291020e6cdd7e28ad7b14dd33ad4f85
    # via prompt-toolkit
